{
  "name": "Website-GreenFood",
  "lockfileVersion": 3,
  "requires": true,
  "packages": {
    "": {
      "dependencies": {
        "laravel-echo": "^1.17.0",
        "pusher-js": "^8.4.0-rc2"
      }
    },
    "node_modules/laravel-echo": {
      "version": "1.17.0",
      "resolved": "https://registry.npmjs.org/laravel-echo/-/laravel-echo-1.17.0.tgz",
      "integrity": "sha512-uf+BVZMkXc7+pzxS2dG5v1P+MT3yWS+/9oDSJUcQ4KqnDKLYfM1lc7yUmnxvLtwPksGuQJv6XBtzvWLHSEheNQ==",
      "engines": {
        "node": ">=10"
      }
    },
    "node_modules/pusher-js": {
      "version": "8.4.0-rc2",
      "resolved": "https://registry.npmjs.org/pusher-js/-/pusher-js-8.4.0-rc2.tgz",
      "integrity": "sha512-d87GjOEEl9QgO5BWmViSqW0LOzPvybvX6WA9zLUstNdB57jVJuR27zHkRnrav2a3+zAMlHbP2Og8wug+rG8T+g==",
      "dependencies": {
        "tweetnacl": "^1.0.3"
      }
    },
    "node_modules/tweetnacl": {
      "version": "1.0.3",
      "license": "Unlicense"
    }
  }
}
